
Microsoft Visual Studio Solution File, Format Version 12.00
# Visual Studio Version 17
VisualStudioVersion = 17.2.32526.322
MinimumVisualStudioVersion = 10.0.40219.1
Project("{FAE04EC0-301F-11D3-BF4B-00C04F79EFBC}") = "tic-tac-toe", "tic-tac-toe.csproj", "{8F025E71-8D0E-471F-96A1-4C84188F4083}"
EndProject
Global
	GlobalSection(SolutionConfigurationPlatforms) = preSolution
		Debug|Any CPU = Debug|Any CPU
		Release|Any CPU = Release|Any CPU
	EndGlobalSection
	GlobalSection(ProjectConfigurationPlatforms) = postSolution
		{8F025E71-8D0E-471F-96A1-4C84188F4083}.Debug|Any CPU.ActiveCfg = Debug|Any CPU
		{8F025E71-8D0E-471F-96A1-4C84188F4083}.Debug|Any CPU.Build.0 = Debug|Any CPU
		{8F025E71-8D0E-471F-96A1-4C84188F4083}.Release|Any CPU.ActiveCfg = Release|Any CPU
		{8F025E71-8D0E-471F-96A1-4C84188F4083}.Release|Any CPU.Build.0 = Release|Any CPU
	EndGlobalSection
	GlobalSection(SolutionProperties) = preSolution
		HideSolutionNode = FALSE
	EndGlobalSection
	GlobalSection(ExtensibilityGlobals) = postSolution
		SolutionGuid = {1E759374-7A32-4987-B208-8DA307EE189D}
	EndGlobalSection
EndGlobal
